
Microsoft Visual Studio Solution File, Format Version 12.00
Project("{FAE04EC0-301F-11D3-BF4B-00C04F79EFBC}") = "API1", "API1\API1.csproj", "{712342D0-8277-4AE0-9494-65DC1D925000}"
EndProject
Global
	GlobalSection(SolutionConfigurationPlatforms) = preSolution
		Debug|Any CPU = Debug|Any CPU
		Release|Any CPU = Release|Any CPU
	EndGlobalSection
	GlobalSection(ProjectConfigurationPlatforms) = postSolution
		{712342D0-8277-4AE0-9494-65DC1D925000}.Debug|Any CPU.ActiveCfg = Debug|Any CPU
		{712342D0-8277-4AE0-9494-65DC1D925000}.Debug|Any CPU.Build.0 = Debug|Any CPU
		{712342D0-8277-4AE0-9494-65DC1D925000}.Release|Any CPU.ActiveCfg = Release|Any CPU
		{712342D0-8277-4AE0-9494-65DC1D925000}.Release|Any CPU.Build.0 = Release|Any CPU
	EndGlobalSection
EndGlobal
